
Microsoft Visual Studio Solution File, Format Version 12.00
# Visual Studio Version 17
VisualStudioVersion = 17.13.35913.81 d17.13
MinimumVisualStudioVersion = 10.0.40219.1
Project("{FAE04EC0-301F-11D3-BF4B-00C04F79EFBC}") = "WindowsFormsApp1", "WindowsFormsApp1\WindowsFormsApp1.csproj", "{A5E68247-B0D3-4059-AB0F-28ECC5E865C3}"
EndProject
Global
	GlobalSection(SolutionConfigurationPlatforms) = preSolution
		Debug|Any CPU = Debug|Any CPU
		Release|Any CPU = Release|Any CPU
	EndGlobalSection
	GlobalSection(ProjectConfigurationPlatforms) = postSolution
		{A5E68247-B0D3-4059-AB0F-28ECC5E865C3}.Debug|Any CPU.ActiveCfg = Debug|Any CPU
		{A5E68247-B0D3-4059-AB0F-28ECC5E865C3}.Debug|Any CPU.Build.0 = Debug|Any CPU
		{A5E68247-B0D3-4059-AB0F-28ECC5E865C3}.Release|Any CPU.ActiveCfg = Release|Any CPU
		{A5E68247-B0D3-4059-AB0F-28ECC5E865C3}.Release|Any CPU.Build.0 = Release|Any CPU
	EndGlobalSection
	GlobalSection(SolutionProperties) = preSolution
		HideSolutionNode = FALSE
	EndGlobalSection
	GlobalSection(ExtensibilityGlobals) = postSolution
		SolutionGuid = {F07B64D3-D27F-4DA2-872A-F413D44AE822}
	EndGlobalSection
EndGlobal
